{
  "requires": true,
  "lockfileVersion": 1,
  "dependencies": {
    "@types/workbox-sw": {
      "version": "4.2.1",
      "resolved": "https://registry.npmjs.org/@types/workbox-sw/-/workbox-sw-4.2.1.tgz",
      "integrity": "sha512-bQU81IdkEJ7XEmIi5YP2eQam/QIawKEcb/vVI8p2TZX36YfPdEJPWTLRsAhQW9n4z5pGfNOH7usMDBxfOxKniA==",
      "dev": true
    },
    "typescript": {
      "version": "3.6.3",
      "resolved": "https://registry.npmjs.org/typescript/-/typescript-3.6.3.tgz",
      "integrity": "sha512-N7bceJL1CtRQ2RiG0AQME13ksR7DiuQh/QehubYcghzv20tnh+MQnQIuJddTmsbqYj+dztchykemz0zFzlvdQw==",
      "dev": true
    },
    "workbox-sw": {
      "version": "4.3.1",
      "resolved": "https://registry.npmjs.org/workbox-sw/-/workbox-sw-4.3.1.tgz",
      "integrity": "sha512-0jXdusCL2uC5gM3yYFT6QMBzKfBr2XTk0g5TPAV4y8IZDyVNDyj1a8uSXy3/XrvkVTmQvLN4O5k3JawGReXr9w==",
      "dev": true
    }
  }
}
